
Microsoft Visual Studio Solution File, Format Version 12.00
# Visual Studio Version 17
VisualStudioVersion = 17.9.34616.47
MinimumVisualStudioVersion = 10.0.40219.1
Project("{8BC9CEB8-8B4A-11D0-8D11-00A0C91BC942}") = "PemrogramanDasarPertemuan2", "PemrogramanDasarPertemuan2\PemrogramanDasarPertemuan2.vcxproj", "{DA06A503-3F64-4F53-A934-943A41272450}"
EndProject
Project("{8BC9CEB8-8B4A-11D0-8D11-00A0C91BC942}") = "PertemuanKedua2", "PertemuanKedua2\PertemuanKedua2.vcxproj", "{69743192-BDF2-4330-A374-5568821E1399}"
EndProject
Project("{8BC9CEB8-8B4A-11D0-8D11-00A0C91BC942}") = "PertemuanKedua3", "PertemuanKedua3\PertemuanKedua3.vcxproj", "{6DE63018-8136-447B-A35C-DC1CE4BD6B33}"
EndProject
Global
	GlobalSection(SolutionConfigurationPlatforms) = preSolution
		Debug|x64 = Debug|x64
		Debug|x86 = Debug|x86
		Release|x64 = Release|x64
		Release|x86 = Release|x86
	EndGlobalSection
	GlobalSection(ProjectConfigurationPlatforms) = postSolution
		{DA06A503-3F64-4F53-A934-943A41272450}.Debug|x64.ActiveCfg = Debug|x64
		{DA06A503-3F64-4F53-A934-943A41272450}.Debug|x64.Build.0 = Debug|x64
		{DA06A503-3F64-4F53-A934-943A41272450}.Debug|x86.ActiveCfg = Debug|Win32
		{DA06A503-3F64-4F53-A934-943A41272450}.Debug|x86.Build.0 = Debug|Win32
		{DA06A503-3F64-4F53-A934-943A41272450}.Release|x64.ActiveCfg = Release|x64
		{DA06A503-3F64-4F53-A934-943A41272450}.Release|x64.Build.0 = Release|x64
		{DA06A503-3F64-4F53-A934-943A41272450}.Release|x86.ActiveCfg = Release|Win32
		{DA06A503-3F64-4F53-A934-943A41272450}.Release|x86.Build.0 = Release|Win32
		{69743192-BDF2-4330-A374-5568821E1399}.Debug|x64.ActiveCfg = Debug|x64
		{69743192-BDF2-4330-A374-5568821E1399}.Debug|x64.Build.0 = Debug|x64
		{69743192-BDF2-4330-A374-5568821E1399}.Debug|x86.ActiveCfg = Debug|Win32
		{69743192-BDF2-4330-A374-5568821E1399}.Debug|x86.Build.0 = Debug|Win32
		{69743192-BDF2-4330-A374-5568821E1399}.Release|x64.ActiveCfg = Release|x64
		{69743192-BDF2-4330-A374-5568821E1399}.Release|x64.Build.0 = Release|x64
		{69743192-BDF2-4330-A374-5568821E1399}.Release|x86.ActiveCfg = Release|Win32
		{69743192-BDF2-4330-A374-5568821E1399}.Release|x86.Build.0 = Release|Win32
		{6DE63018-8136-447B-A35C-DC1CE4BD6B33}.Debug|x64.ActiveCfg = Debug|x64
		{6DE63018-8136-447B-A35C-DC1CE4BD6B33}.Debug|x64.Build.0 = Debug|x64
		{6DE63018-8136-447B-A35C-DC1CE4BD6B33}.Debug|x86.ActiveCfg = Debug|Win32
		{6DE63018-8136-447B-A35C-DC1CE4BD6B33}.Debug|x86.Build.0 = Debug|Win32
		{6DE63018-8136-447B-A35C-DC1CE4BD6B33}.Release|x64.ActiveCfg = Release|x64
		{6DE63018-8136-447B-A35C-DC1CE4BD6B33}.Release|x64.Build.0 = Release|x64
		{6DE63018-8136-447B-A35C-DC1CE4BD6B33}.Release|x86.ActiveCfg = Release|Win32
		{6DE63018-8136-447B-A35C-DC1CE4BD6B33}.Release|x86.Build.0 = Release|Win32
	EndGlobalSection
	GlobalSection(SolutionProperties) = preSolution
		HideSolutionNode = FALSE
	EndGlobalSection
	GlobalSection(ExtensibilityGlobals) = postSolution
		SolutionGuid = {21DAE4F5-0819-494A-8886-98E5EA9CB996}
	EndGlobalSection
EndGlobal
